github.com/BurntSushi/xgb v0.0.0-20160522181843-27f122750802/go.mod h1:IVnqGOEym/WlBOVXweHU+Q+/VP0lqqI8lqeDx9IjBqo=
github.com/goccy/go-yaml v1.19.2 h1:PmFC1S6h8ljIz6gMRBopkjP1TVT7xuwrButHID66PoM=
github.com/goccy/go-yaml v1.19.2/go.mod h1:XBurs7gK8ATbW4ZPGKgcbrY1Br56PdM69F7LkFRi1kA=
github.com/google/go-cmp v0.6.0 h1:ofyhxvXcZhMsU5ulbFiLKl/XBFqE1GSq7atu8tAmTRI=
github.com/google/go-cmp v0.6.0/go.mod h1:17dUlkBOakJ0+DkrSSNjCkIjxS6bF9zb3elmeNGIjoY=
github.com/goplus/builder/tools/ai v0.0.0-20260724041336-c23d9b241e6b h1:UftR8J8eFH+hA0zsgtdjxWEbCNhaqX4NB7W6nzofh+E=
github.com/goplus/builder/tools/ai v0.0.0-20260724041336-c23d9b241e6b/go.mod h1:sFp49vexFUF42E8AeySFpQoHIcBxOBiWvvRC92F2V0o=
github.com/goplus/gogen v1.23.6-0.20260816085451-b240c8b2c5b1 h1:UM2NO4ncmvNGr0+pMEVraNeLRXXEB55HEPbC4MRjpAM=
github.com/goplus/gogen v1.23.6-0.20260816085451-b240c8b2c5b1/go.mod h1:Y7ulYW3wonQ3d9er00b0uGFEV/IUZa6okWJZh892ACQ=
github.com/goplus/ixgo v1.1.6 h1:PyMuN/D3WYws5Kdq7hEZLDNzpwoNeHR6P50GhgOdZP4=
github.com/goplus/ixgo v1.1.6/go.mod h1:Vc7BueQfL4x7nrkYlvNz+xtMiCeABvQ562eymBORhBM=
github.com/goplus/mod v0.22.0 h1:knZCdR5m2Nr1/cU1XqG1lND4USG6mXxx/Ca272RYjQk=
github.com/goplus/mod v0.22.0/go.mod h1:APrczG2FtFcQelU4vTq9xw+GrVs4sPPKnRfGidWBlXY=
github.com/goplus/reflectx v1.7.8 h1:93QqOlyMdbb05l5SrQbx9FLU2zXkvT89gcEdoNVFvWE=
github.com/goplus/reflectx v1.7.8/go.mod h1:EXX8KSPTmnb2W1PfyVkDC0Qwet0lYX2h2/S06Vhwrhw=
github.com/goplus/spbase v0.1.1 h1:dpA9BF3y5zgbbhsTcY/RKYqFbTDcal7VSD8jrZaGJyk=
github.com/goplus/spbase v0.1.1/go.mod h1:brnD3OJnHtipqob2IsJ3/QzGBf+eOnqXNnHGKpv1irQ=
github.com/goplus/xgo v1.7.6-0.20260818050008-fd36b6192e30 h1:1NH8e5RzKAUulD/KGcrFBLvuZH9R9ogrPSv6uTPndA8=
github.com/goplus/xgo v1.7.6-0.20260818050008-fd36b6192e30/go.mod h1:6IDjqght4tNX3yNJ3YAi+1E2soEDV7rDsrmODBmmpeE=
github.com/qiniu/x v1.18.3 h1:trrBKBNszHGwV8XynnbddJr+A7Vca8/xlWP4F/Z4my8=
github.com/qiniu/x v1.18.3/go.mod h1:Sx3Wy+0GI9OsX4a53mYj6A0o7mHJ94PUvraqGYb4EIs=
github.com/visualfc/funcval v0.1.5 h1:jR21zdx0pFk4nUzmutrFZL6EiRuMYR/ZaD+KOzTwyEk=
github.com/visualfc/funcval v0.1.5/go.mod h1:3Izv+irhArmrTvy+lmL6pIq16gSOzx73CIka51J9eR0=
github.com/visualfc/gid v0.3.5 h1:VTwRXFXV0eQGaZZbbnSDme1k5AHySQw2tcPHhUuYNrU=
github.com/visualfc/gid v0.3.5/go.mod h1:N0s4EB3rVkkKeAJTKCNYTyYJ9Z4ntg7AQ+FNBc2zBHw=
github.com/visualfc/goembed v0.3.4 h1:foORJ0KT/pKwA23dStPFOtxaW7F96PnNSiLXHVXrfVk=
github.com/visualfc/goembed v0.3.4/go.mod h1:jCVCz/yTJGyslo6Hta+pYxWWBuq9ADCcIVZBTQ0/iVI=
github.com/visualfc/xtype v0.3.3 h1:XnR+5mgVPaZdv3ZjcObsHEzFl7w2Wny/iYTivI+J8Xg=
github.com/visualfc/xtype v0.3.3/go.mod h1:VYIH9S2bmdWKlBb7c725ES6yKF9+pyHBU2SFNqGVMGM=
github.com/yuin/goldmark v1.4.0/go.mod h1:mwnBkeHKe2W/ZEtQ+71ViKU8L12m81fl3OWwC1Zlc8k=
golang.org/x/crypto v0.0.0-20190308221718-c2843e01d9a2/go.mod h1:djNgcEr1/C05ACkg1iLfiJU5Ep61QUkGW8qpdssI0+w=
golang.org/x/crypto v0.0.0-20190510104115-cbcb75029529/go.mod h1:yigFU9vqHzYiE8UmvKecakEJjdnWj3jj499lnFckfCI=
golang.org/x/crypto v0.0.0-20191011191535-87dc89f01550/go.mod h1:yigFU9vqHzYiE8UmvKecakEJjdnWj3jj499lnFckfCI=
golang.org/x/exp v0.0.0-20190731235908-ec7cb31e5a56/go.mod h1:JhuoJpWY28nO4Vef9tZUw9qufEGTyX1+7lmHxV5q5G4=
golang.org/x/image v0.0.0-20190227222117-0694c2d4d067/go.mod h1:kZ7UVZpmo3dzQBMxlp+ypCbDeSB+sBbTgSJuh5dn5js=
golang.org/x/image v0.0.0-20190802002840-cff245a6509b/go.mod h1:FeLwcggjj3mMvU+oOTbSwawSJRM1uh48EjtB4UJZlP0=
golang.org/x/image v0.23.0 h1:HseQ7c2OpPKTPVzNjG5fwJsOTCiiwS4QdsYi5XU6H68=
golang.org/x/image v0.23.0/go.mod h1:wJJBTdLfCCf3tiHa1fNxpZmUI4mmoZvwMCPP0ddoNKY=
golang.org/x/mobile v0.0.0-20190312151609-d3739f865fa6/go.mod h1:z+o9i4GpDbdi3rU15maQ/Ox0txvL9dWGYEHz965HBQE=
golang.org/x/mobile v0.0.0-20220518205345-8578da9835fd h1:x1GptNaTtxPAlTVIAJk61fuXg0y17h09DTxyb+VNC/k=
golang.org/x/mobile v0.0.0-20220518205345-8578da9835fd/go.mod h1:pe2sM7Uk+2Su1y7u/6Z8KJ24D7lepUjFZbhFOrmDfuQ=
golang.org/x/mod v0.1.0/go.mod h1:0QHyrYULN0/3qlju5TqG8bIK38QM8yzMo5ekMj3DlcY=
golang.org/x/mod v0.4.2/go.mod h1:s0Qsj1ACt9ePp/hMypM3fl4fZqREWJwdYDEqhRiZZUA=
golang.org/x/mod v0.40.0 h1:hUv+3cXcdRHz08UmSiOob7sadHig73uo5bkXxQ/tvUs=
golang.org/x/mod v0.40.0/go.mod h1:0/weTWkPWGBikyTWAX3dkjVztMmBA5hM0DH6BElSupE=
golang.org/x/net v0.0.0-20190311183353-d8887717615a/go.mod h1:t9HGtf8HONx5eT2rtn7q6eTqICYqUVnKs3thJo3Qplg=
golang.org/x/net v0.0.0-20190404232315-eb5bcb51f2a3/go.mod h1:t9HGtf8HONx5eT2rtn7q6eTqICYqUVnKs3thJo3Qplg=
golang.org/x/net v0.0.0-20190620200207-3b0461eec859/go.mod h1:z5CRVTTTmAJ677TzLLGU+0bjPO0LkuOLi4/5GtJWs/s=
golang.org/x/net v0.0.0-20210805182204-aaa1db679c0d/go.mod h1:9nx3DQGgdP8bBQD5qxJ1jj9UTztislL4KSBs9R2vV5Y=
golang.org/x/net v0.58.0 h1:ynWG7rqYi4ccpTEuPZ2QGWHktVEM9DMCj9yzDE0Q7To=
golang.org/x/net v0.58.0/go.mod h1:YwCddHnFlT7eLQqVprV19OnhLGtc5xOKgE0RyqgfWAU=
golang.org/x/sync v0.0.0-20190423024810-112230192c58/go.mod h1:RxMgew5VJxzue5/jJTE5uejpjVlOe/izrB70Jof72aM=
golang.org/x/sync v0.0.0-20210220032951-036812b2e83c/go.mod h1:RxMgew5VJxzue5/jJTE5uejpjVlOe/izrB70Jof72aM=
golang.org/x/sync v0.22.0 h1:SZjpbeLmrCk4xhRSZFNZW5gFUeCeFgjekvI/+gfScek=
golang.org/x/sync v0.22.0/go.mod h1:9xrNwdLfx4jkKbNva9FpL6vEN7evnE43NNNJQ2LF3+0=
golang.org/x/sys v0.0.0-20190215142949-d0b11bdaac8a/go.mod h1:STP8DvDyc/dI5b8T5hshtkjS+E42TnysNCUPdjciGhY=
golang.org/x/sys v0.0.0-20190412213103-97732733099d/go.mod h1:h1NjWce9XRLGQEsW7wpKNCjG9DtNlClVuFLEZdDNbEs=
golang.org/x/sys v0.0.0-20201119102817-f84b799fce68/go.mod h1:h1NjWce9XRLGQEsW7wpKNCjG9DtNlClVuFLEZdDNbEs=
golang.org/x/sys v0.0.0-20210423082822-04245dca01da/go.mod h1:h1NjWce9XRLGQEsW7wpKNCjG9DtNlClVuFLEZdDNbEs=
golang.org/x/sys v0.0.0-20210809222454-d867a43fc93e/go.mod h1:oPkhp1MJrh7nUepCBck5+mAzfO9JrbApNNgaTdGDITg=
golang.org/x/term v0.0.0-20201126162022-7de9c90e9dd1/go.mod h1:bj7SfCRtBDWHUb9snDiAeCFNEtKQo2Wmx5Cou7ajbmo=
golang.org/x/text v0.3.0/go.mod h1:NqM8EUOU14njkJ3fqMW+pc6Ldnwhi/IjpwHt7yyuwOQ=
golang.org/x/text v0.3.6/go.mod h1:5Zoc/QRtKVWzQhOtBMvqHzDpF6irO9z98xDceosuGiQ=
golang.org/x/tools v0.0.0-20180917221912-90fa682c2a6e/go.mod h1:n7NCudcB/nEzxVGmLbDWY5pfWTLqBcC2KZ6jyYvM4mQ=
golang.org/x/tools v0.0.0-20190312151545-0bb0c0a6e846/go.mod h1:LCzVGOaR6xXOjkQ3onu1FJEFr0SW1gC7cKk1uF8kGRs=
golang.org/x/tools v0.0.0-20191119224855-298f0cb1881e/go.mod h1:b+2E5dAYhXwXZwtnZ6UAqBI28+e2cm9otk0dWdXHAEo=
golang.org/x/tools v0.1.8-0.20211022200916-316ba0b74098/go.mod h1:LGqMHiF4EqQNHR1JncWGqT5BVaXmza+X+BDGol+dOxo=
golang.org/x/tools v0.49.0 h1:3NI7VXzL9+1WZD52Dx2ttoPwD5DWrFGpl9mFZDlmisI=
golang.org/x/tools v0.49.0/go.mod h1:SJNXV9DBKT0UbdttsQjbfJlAE/q+y36++zo3uL3N0Oo=
golang.org/x/xerrors v0.0.0-20190717185122-a985d3407aa7/go.mod h1:I/5z698sn9Ka8TeJc9MKroUUfqBBauWjQqLJ2OPfmY0=
golang.org/x/xerrors v0.0.0-20191011141410-1b5146add898/go.mod h1:I/5z698sn9Ka8TeJc9MKroUUfqBBauWjQqLJ2OPfmY0=
golang.org/x/xerrors v0.0.0-20200804184101-5ec99f83aff1/go.mod h1:I/5z698sn9Ka8TeJc9MKroUUfqBBauWjQqLJ2OPfmY0=
